// !$*UTF8*$!
{
	archiveVersion = 1;
	classes = {
	};
	objectVersion = 50;
	objects = {

/* Begin PBXBuildFile section */
		448B39A2038CC122E99399F3 /* Pods_ChatBuzz.framework in Frameworks */ = {isa = PBXBuildFile; fileRef = CB3F8507D29D3CBC3F953561 /* Pods_ChatBuzz.framework */; };
		C5C88A9120ABCDD700E96DE7 /* AppDelegate.swift in Sources */ = {isa = PBXBuildFile; fileRef = C5C88A9020ABCDD700E96DE7 /* AppDelegate.swift */; };
		C5C88A9320ABCDD700E96DE7 /* WelcomeViewController.swift in Sources */ = {isa = PBXBuildFile; fileRef = C5C88A9220ABCDD700E96DE7 /* WelcomeViewController.swift */; };
		C5C88A9620ABCDD700E96DE7 /* Main.storyboard in Resources */ = {isa = PBXBuildFile; fileRef = C5C88A9420ABCDD700E96DE7 /* Main.storyboard */; };
		C5C88A9820ABCDE000E96DE7 /* Assets.xcassets in Resources */ = {isa = PBXBuildFile; fileRef = C5C88A9720ABCDE000E96DE7 /* Assets.xcassets */; };
		C5C88A9B20ABCDE000E96DE7 /* LaunchScreen.storyboard in Resources */ = {isa = PBXBuildFile; fileRef = C5C88A9920ABCDE000E96DE7 /* LaunchScreen.storyboard */; };
		C5C88AA320ABEC8A00E96DE7 /* LoginViewController.swift in Sources */ = {isa = PBXBuildFile; fileRef = C5C88AA220ABEC8A00E96DE7 /* LoginViewController.swift */; };
		C5C88AA520ABECA400E96DE7 /* RegisterViewController.swift in Sources */ = {isa = PBXBuildFile; fileRef = C5C88AA420ABECA400E96DE7 /* RegisterViewController.swift */; };
		C5C88AA720ABF0FD00E96DE7 /* ChatViewController.swift in Sources */ = {isa = PBXBuildFile; fileRef = C5C88AA620ABF0FD00E96DE7 /* ChatViewController.swift */; };
		C5C88AAD20ABF24E00E96DE7 /* MessageCell.xib in Resources */ = {isa = PBXBuildFile; fileRef = C5C88AAB20ABF24E00E96DE7 /* MessageCell.xib */; };
		C5C88AAE20ABF24E00E96DE7 /* CustomMessageCell.swift in Sources */ = {isa = PBXBuildFile; fileRef = C5C88AAC20ABF24E00E96DE7 /* CustomMessageCell.swift */; };
/* End PBXBuildFile section */

/* Begin PBXFileReference section */
		7B031D944863B699EE31A7D4 /* Pods-ChatBuzz.release.xcconfig */ = {isa = PBXFileReference; includeInIndex = 1; lastKnownFileType = text.xcconfig; name = "Pods-ChatBuzz.release.xcconfig"; path = "Pods/Target Support Files/Pods-ChatBuzz/Pods-ChatBuzz.release.xcconfig"; sourceTree = "<group>"; };
		87F10F679633A5715013E305 /* Pods-ChatBuzz.debug.xcconfig */ = {isa = PBXFileReference; includeInIndex = 1; lastKnownFileType = text.xcconfig; name = "Pods-ChatBuzz.debug.xcconfig"; path = "Pods/Target Support Files/Pods-ChatBuzz/Pods-ChatBuzz.debug.xcconfig"; sourceTree = "<group>"; };
		C5C88A8D20ABCDD700E96DE7 /* ChatBuzz.app */ = {isa = PBXFileReference; explicitFileType = wrapper.application; includeInIndex = 0; path = ChatBuzz.app; sourceTree = BUILT_PRODUCTS_DIR; };
		C5C88A9020ABCDD700E96DE7 /* AppDelegate.swift */ = {isa = PBXFileReference; lastKnownFileType = sourcecode.swift; path = AppDelegate.swift; sourceTree = "<group>"; };
		C5C88A9220ABCDD700E96DE7 /* WelcomeViewController.swift */ = {isa = PBXFileReference; lastKnownFileType = sourcecode.swift; path = WelcomeViewController.swift; sourceTree = "<group>"; };
		C5C88A9520ABCDD700E96DE7 /* Base */ = {isa = PBXFileReference; lastKnownFileType = file.storyboard; name = Base; path = Base.lproj/Main.storyboard; sourceTree = "<group>"; };
		C5C88A9720ABCDE000E96DE7 /* Assets.xcassets */ = {isa = PBXFileReference; lastKnownFileType = folder.assetcatalog; path = Assets.xcassets; sourceTree = "<group>"; };
		C5C88A9A20ABCDE000E96DE7 /* Base */ = {isa = PBXFileReference; lastKnownFileType = file.storyboard; name = Base; path = Base.lproj/LaunchScreen.storyboard; sourceTree = "<group>"; };
		C5C88A9C20ABCDE000E96DE7 /* Info.plist */ = {isa = PBXFileReference; lastKnownFileType = text.plist.xml; path = Info.plist; sourceTree = "<group>"; };
		C5C88AA220ABEC8A00E96DE7 /* LoginViewController.swift */ = {isa = PBXFileReference; lastKnownFileType = sourcecode.swift; path = LoginViewController.swift; sourceTree = "<group>"; };
		C5C88AA420ABECA400E96DE7 /* RegisterViewController.swift */ = {isa = PBXFileReference; lastKnownFileType = sourcecode.swift; path = RegisterViewController.swift; sourceTree = "<group>"; };
		C5C88AA620ABF0FD00E96DE7 /* ChatViewController.swift */ = {isa = PBXFileReference; lastKnownFileType = sourcecode.swift; path = ChatViewController.swift; sourceTree = "<group>"; };
		C5C88AAB20ABF24E00E96DE7 /* MessageCell.xib */ = {isa = PBXFileReference; fileEncoding = 4; lastKnownFileType = file.xib; path = MessageCell.xib; sourceTree = "<group>"; };
		C5C88AAC20ABF24E00E96DE7 /* CustomMessageCell.swift */ = {isa = PBXFileReference; fileEncoding = 4; lastKnownFileType = sourcecode.swift; path = CustomMessageCell.swift; sourceTree = "<group>"; };
		CB3F8507D29D3CBC3F953561 /* Pods_ChatBuzz.framework */ = {isa = PBXFileReference; explicitFileType = wrapper.framework; includeInIndex = 0; path = Pods_ChatBuzz.framework; sourceTree = BUILT_PRODUCTS_DIR; };
/* End PBXFileReference section */

/* Begin PBXFrameworksBuildPhase section */
		C5C88A8A20ABCDD700E96DE7 /* Frameworks */ = {
			isa = PBXFrameworksBuildPhase;
			buildActionMask = 2147483647;
			files = (
				448B39A2038CC122E99399F3 /* Pods_ChatBuzz.framework in Frameworks */,
			);
			runOnlyForDeploymentPostprocessing = 0;
		};
/* End PBXFrameworksBuildPhase section */

/* Begin PBXGroup section */
		6968E7989D1869FD8CCE23C6 /* Pods */ = {
			isa = PBXGroup;
			children = (
				87F10F679633A5715013E305 /* Pods-ChatBuzz.debug.xcconfig */,
				7B031D944863B699EE31A7D4 /* Pods-ChatBuzz.release.xcconfig */,
			);
			name = Pods;
			sourceTree = "<group>";
		};
		C5C88A8420ABCDD700E96DE7 = {
			isa = PBXGroup;
			children = (
				C5C88A8F20ABCDD700E96DE7 /* ChatBuzz */,
				C5C88A8E20ABCDD700E96DE7 /* Products */,
				6968E7989D1869FD8CCE23C6 /* Pods */,
				D768AEB86985D2CD9D737F7A /* Frameworks */,
			);
			sourceTree = "<group>";
		};
		C5C88A8E20ABCDD700E96DE7 /* Products */ = {
			isa = PBXGroup;
			children = (
				C5C88A8D20ABCDD700E96DE7 /* ChatBuzz.app */,
			);
			name = Products;
			sourceTree = "<group>";
		};
		C5C88A8F20ABCDD700E96DE7 /* ChatBuzz */ = {
			isa = PBXGroup;
			children = (
				C5C88AAA20ABF16F00E96DE7 /* Model */,
				C5C88AA920ABF16700E96DE7 /* View */,
				C5C88A9020ABCDD700E96DE7 /* AppDelegate.swift */,
				C5C88AA620ABF0FD00E96DE7 /* ChatViewController.swift */,
				C5C88AA420ABECA400E96DE7 /* RegisterViewController.swift */,
				C5C88A9220ABCDD700E96DE7 /* WelcomeViewController.swift */,
				C5C88AA220ABEC8A00E96DE7 /* LoginViewController.swift */,
				C5C88AA820ABF14300E96DE7 /* Controller */,
				C5C88A9720ABCDE000E96DE7 /* Assets.xcassets */,
				C5C88A9C20ABCDE000E96DE7 /* Info.plist */,
			);
			path = ChatBuzz;
			sourceTree = "<group>";
		};
		C5C88AA820ABF14300E96DE7 /* Controller */ = {
			isa = PBXGroup;
			children = (
			);
			path = Controller;
			sourceTree = "<group>";
		};
		C5C88AA920ABF16700E96DE7 /* View */ = {
			isa = PBXGroup;
			children = (
				C5C88AAF20ABF36A00E96DE7 /* Custom Cell */,
				C5C88A9420ABCDD700E96DE7 /* Main.storyboard */,
				C5C88A9920ABCDE000E96DE7 /* LaunchScreen.storyboard */,
			);
			path = View;
			sourceTree = "<group>";
		};
		C5C88AAA20ABF16F00E96DE7 /* Model */ = {
			isa = PBXGroup;
			children = (
			);
			path = Model;
			sourceTree = "<group>";
		};
		C5C88AAF20ABF36A00E96DE7 /* Custom Cell */ = {
			isa = PBXGroup;
			children = (
				C5C88AAB20ABF24E00E96DE7 /* MessageCell.xib */,
				C5C88AAC20ABF24E00E96DE7 /* CustomMessageCell.swift */,
			);
			path = "Custom Cell";
			sourceTree = "<group>";
		};
		D768AEB86985D2CD9D737F7A /* Frameworks */ = {
			isa = PBXGroup;
			children = (
				CB3F8507D29D3CBC3F953561 /* Pods_ChatBuzz.framework */,
			);
			name = Frameworks;
			sourceTree = "<group>";
		};
/* End PBXGroup section */

/* Begin PBXNativeTarget section */
		C5C88A8C20ABCDD700E96DE7 /* ChatBuzz */ = {
			isa = PBXNativeTarget;
			buildConfigurationList = C5C88A9F20ABCDE000E96DE7 /* Build configuration list for PBXNativeTarget "ChatBuzz" */;
			buildPhases = (
				1FC03C3EC70AFD4DC736FE64 /* [CP] Check Pods Manifest.lock */,
				C5C88A8920ABCDD700E96DE7 /* Sources */,
				C5C88A8A20ABCDD700E96DE7 /* Frameworks */,
				C5C88A8B20ABCDD700E96DE7 /* Resources */,
				D8D52C633ECDA2D6CE8581ED /* [CP] Embed Pods Frameworks */,
				CE1D17A95B0F093B9F31EF3B /* [CP] Copy Pods Resources */,
			);
			buildRules = (
			);
			dependencies = (
			);
			name = ChatBuzz;
			productName = ChatBuzz;
			productReference = C5C88A8D20ABCDD700E96DE7 /* ChatBuzz.app */;
			productType = "com.apple.product-type.application";
		};
/* End PBXNativeTarget section */

/* Begin PBXProject section */
		C5C88A8520ABCDD700E96DE7 /* Project object */ = {
			isa = PBXProject;
			attributes = {
				LastSwiftUpdateCheck = 0930;
				LastUpgradeCheck = 0930;
				ORGANIZATIONNAME = "Ahmed Amr";
				TargetAttributes = {
					C5C88A8C20ABCDD700E96DE7 = {
						CreatedOnToolsVersion = 9.3;
					};
				};
			};
			buildConfigurationList = C5C88A8820ABCDD700E96DE7 /* Build configuration list for PBXProject "ChatBuzz" */;
			compatibilityVersion = "Xcode 9.3";
			developmentRegion = en;
			hasScannedForEncodings = 0;
			knownRegions = (
				en,
				Base,
			);
			mainGroup = C5C88A8420ABCDD700E96DE7;
			productRefGroup = C5C88A8E20ABCDD700E96DE7 /* Products */;
			projectDirPath = "";
			projectRoot = "";
			targets = (
				C5C88A8C20ABCDD700E96DE7 /* ChatBuzz */,
			);
		};
/* End PBXProject section */

/* Begin PBXResourcesBuildPhase section */
		C5C88A8B20ABCDD700E96DE7 /* Resources */ = {
			isa = PBXResourcesBuildPhase;
			buildActionMask = 2147483647;
			files = (
				C5C88A9B20ABCDE000E96DE7 /* LaunchScreen.storyboard in Resources */,
				C5C88AAD20ABF24E00E96DE7 /* MessageCell.xib in Resources */,
				C5C88A9820ABCDE000E96DE7 /* Assets.xcassets in Resources */,
				C5C88A9620ABCDD700E96DE7 /* Main.storyboard in Resources */,
			);
			runOnlyForDeploymentPostprocessing = 0;
		};
/* End PBXResourcesBuildPhase section */

/* Begin PBXShellScriptBuildPhase section */
		1FC03C3EC70AFD4DC736FE64 /* [CP] Check Pods Manifest.lock */ = {
			isa = PBXShellScriptBuildPhase;
			buildActionMask = 2147483647;
			files = (
			);
			inputPaths = (
				"${PODS_PODFILE_DIR_PATH}/Podfile.lock",
				"${PODS_ROOT}/Manifest.lock",
			);
			name = "[CP] Check Pods Manifest.lock";
			outputPaths = (
				"$(DERIVED_FILE_DIR)/Pods-ChatBuzz-checkManifestLockResult.txt",
			);
			runOnlyForDeploymentPostprocessing = 0;
			shellPath = /bin/sh;
			shellScript = "diff \"${PODS_PODFILE_DIR_PATH}/Podfile.lock\" \"${PODS_ROOT}/Manifest.lock\" > /dev/null\nif [ $? != 0 ] ; then\n    # print error to STDERR\n    echo \"error: The sandbox is not in sync with the Podfile.lock. Run 'pod install' or update your CocoaPods installation.\" >&2\n    exit 1\nfi\n# This output is used by Xcode 'outputs' to avoid re-running this script phase.\necho \"SUCCESS\" > \"${SCRIPT_OUTPUT_FILE_0}\"\n";
			showEnvVarsInLog = 0;
		};
		CE1D17A95B0F093B9F31EF3B /* [CP] Copy Pods Resources */ = {
			isa = PBXShellScriptBuildPhase;
			buildActionMask = 2147483647;
			files = (
			);
			inputPaths = (
			);
			name = "[CP] Copy Pods Resources";
			outputPaths = (
			);
			runOnlyForDeploymentPostprocessing = 0;
			shellPath = /bin/sh;
			shellScript = "\"${SRCROOT}/Pods/Target Support Files/Pods-ChatBuzz/Pods-ChatBuzz-resources.sh\"\n";
			showEnvVarsInLog = 0;
		};
		D8D52C633ECDA2D6CE8581ED /* [CP] Embed Pods Frameworks */ = {
			isa = PBXShellScriptBuildPhase;
			buildActionMask = 2147483647;
			files = (
			);
			inputPaths = (
				"${SRCROOT}/Pods/Target Support Files/Pods-ChatBuzz/Pods-ChatBuzz-frameworks.sh",
				"${BUILT_PRODUCTS_DIR}/ChameleonFramework/ChameleonFramework.framework",
				"${BUILT_PRODUCTS_DIR}/GTMSessionFetcher/GTMSessionFetcher.framework",
				"${BUILT_PRODUCTS_DIR}/GoogleToolboxForMac/GoogleToolboxForMac.framework",
				"${BUILT_PRODUCTS_DIR}/SVProgressHUD/SVProgressHUD.framework",
				"${BUILT_PRODUCTS_DIR}/leveldb-library/leveldb.framework",
				"${BUILT_PRODUCTS_DIR}/nanopb/nanopb.framework",
			);
			name = "[CP] Embed Pods Frameworks";
			outputPaths = (
				"${TARGET_BUILD_DIR}/${FRAMEWORKS_FOLDER_PATH}/ChameleonFramework.framework",
				"${TARGET_BUILD_DIR}/${FRAMEWORKS_FOLDER_PATH}/GTMSessionFetcher.framework",
				"${TARGET_BUILD_DIR}/${FRAMEWORKS_FOLDER_PATH}/GoogleToolboxForMac.framework",
				"${TARGET_BUILD_DIR}/${FRAMEWORKS_FOLDER_PATH}/SVProgressHUD.framework",
				"${TARGET_BUILD_DIR}/${FRAMEWORKS_FOLDER_PATH}/leveldb.framework",
				"${TARGET_BUILD_DIR}/${FRAMEWORKS_FOLDER_PATH}/nanopb.framework",
			);
			runOnlyForDeploymentPostprocessing = 0;
			shellPath = /bin/sh;
			shellScript = "\"${SRCROOT}/Pods/Target Support Files/Pods-ChatBuzz/Pods-ChatBuzz-frameworks.sh\"\n";
			showEnvVarsInLog = 0;
		};
/* End PBXShellScriptBuildPhase section */

/* Begin PBXSourcesBuildPhase section */
		C5C88A8920ABCDD700E96DE7 /* Sources */ = {
			isa = PBXSourcesBuildPhase;
			buildActionMask = 2147483647;
			files = (
				C5C88AAE20ABF24E00E96DE7 /* CustomMessageCell.swift in Sources */,
				C5C88A9320ABCDD700E96DE7 /* WelcomeViewController.swift in Sources */,
				C5C88A9120ABCDD700E96DE7 /* AppDelegate.swift in Sources */,
				C5C88AA320ABEC8A00E96DE7 /* LoginViewController.swift in Sources */,
				C5C88AA720ABF0FD00E96DE7 /* ChatViewController.swift in Sources */,
				C5C88AA520ABECA400E96DE7 /* RegisterViewController.swift in Sources */,
			);
			runOnlyForDeploymentPostprocessing = 0;
		};
/* End PBXSourcesBuildPhase section */

/* Begin PBXVariantGroup section */
		C5C88A9420ABCDD700E96DE7 /* Main.storyboard */ = {
			isa = PBXVariantGroup;
			children = (
				C5C88A9520ABCDD700E96DE7 /* Base */,
			);
			name = Main.storyboard;
			sourceTree = "<group>";
		};
		C5C88A9920ABCDE000E96DE7 /* LaunchScreen.storyboard */ = {
			isa = PBXVariantGroup;
			children = (
				C5C88A9A20ABCDE000E96DE7 /* Base */,
			);
			name = LaunchScreen.storyboard;
			sourceTree = "<group>";
		};
/* End PBXVariantGroup section */

/* Begin XCBuildConfiguration section */
		C5C88A9D20ABCDE000E96DE7 /* Debug */ = {
			isa = XCBuildConfiguration;
			buildSettings = {
				ALWAYS_SEARCH_USER_PATHS = NO;
				CLANG_ANALYZER_NONNULL = YES;
				CLANG_ANALYZER_NUMBER_OBJECT_CONVERSION = YES_AGGRESSIVE;
				CLANG_CXX_LANGUAGE_STANDARD = "gnu++14";
				CLANG_CXX_LIBRARY = "libc++";
				CLANG_ENABLE_MODULES = YES;
				CLANG_ENABLE_OBJC_ARC = YES;
				CLANG_ENABLE_OBJC_WEAK = YES;
				CLANG_WARN_BLOCK_CAPTURE_AUTORELEASING = YES;
				CLANG_WARN_BOOL_CONVERSION = YES;
				CLANG_WARN_COMMA = YES;
				CLANG_WARN_CONSTANT_CONVERSION = YES;
				CLANG_WARN_DEPRECATED_OBJC_IMPLEMENTATIONS = YES;
				CLANG_WARN_DIRECT_OBJC_ISA_USAGE = YES_ERROR;
				CLANG_WARN_DOCUMENTATION_COMMENTS = YES;
				CLANG_WARN_EMPTY_BODY = YES;
				CLANG_WARN_ENUM_CONVERSION = YES;
				CLANG_WARN_INFINITE_RECURSION = YES;
				CLANG_WARN_INT_CONVERSION = YES;
				CLANG_WARN_NON_LITERAL_NULL_CONVERSION = YES;
				CLANG_WARN_OBJC_IMPLICIT_RETAIN_SELF = YES;
				CLANG_WARN_OBJC_LITERAL_CONVERSION = YES;
				CLANG_WARN_OBJC_ROOT_CLASS = YES_ERROR;
				CLANG_WARN_RANGE_LOOP_ANALYSIS = YES;
				CLANG_WARN_STRICT_PROTOTYPES = YES;
				CLANG_WARN_SUSPICIOUS_MOVE = YES;
				CLANG_WARN_UNGUARDED_AVAILABILITY = YES_AGGRESSIVE;
				CLANG_WARN_UNREACHABLE_CODE = YES;
				CLANG_WARN__DUPLICATE_METHOD_MATCH = YES;
				CODE_SIGN_IDENTITY = "iPhone Developer";
				COPY_PHASE_STRIP = NO;
				DEBUG_INFORMATION_FORMAT = dwarf;
				ENABLE_STRICT_OBJC_MSGSEND = YES;
				ENABLE_TESTABILITY = YES;
				GCC_C_LANGUAGE_STANDARD = gnu11;
				GCC_DYNAMIC_NO_PIC = NO;
				GCC_NO_COMMON_BLOCKS = YES;
				GCC_OPTIMIZATION_LEVEL = 0;
				GCC_PREPROCESSOR_DEFINITIONS = (
					"DEBUG=1",
					"$(inherited)",
				);
				GCC_WARN_64_TO_32_BIT_CONVERSION = YES;
				GCC_WARN_ABOUT_RETURN_TYPE = YES_ERROR;
				GCC_WARN_UNDECLARED_SELECTOR = YES;
				GCC_WARN_UNINITIALIZED_AUTOS = YES_AGGRESSIVE;
				GCC_WARN_UNUSED_FUNCTION = YES;
				GCC_WARN_UNUSED_VARIABLE = YES;
				IPHONEOS_DEPLOYMENT_TARGET = 11.3;
				MTL_ENABLE_DEBUG_INFO = YES;
				ONLY_ACTIVE_ARCH = YES;
				SDKROOT = iphoneos;
				SWIFT_ACTIVE_COMPILATION_CONDITIONS = DEBUG;
				SWIFT_OPTIMIZATION_LEVEL = "-Onone";
			};
			name = Debug;
		};
		C5C88A9E20ABCDE000E96DE7 /* Release */ = {
			isa = XCBuildConfiguration;
			buildSettings = {
				ALWAYS_SEARCH_USER_PATHS = NO;
				CLANG_ANALYZER_NONNULL = YES;
				CLANG_ANALYZER_NUMBER_OBJECT_CONVERSION = YES_AGGRESSIVE;
				CLANG_CXX_LANGUAGE_STANDARD = "gnu++14";
				CLANG_CXX_LIBRARY = "libc++";
				CLANG_ENABLE_MODULES = YES;
				CLANG_ENABLE_OBJC_ARC = YES;
				CLANG_ENABLE_OBJC_WEAK = YES;
				CLANG_WARN_BLOCK_CAPTURE_AUTORELEASING = YES;
				CLANG_WARN_BOOL_CONVERSION = YES;
				CLANG_WARN_COMMA = YES;
				CLANG_WARN_CONSTANT_CONVERSION = YES;
				CLANG_WARN_DEPRECATED_OBJC_IMPLEMENTATIONS = YES;
				CLANG_WARN_DIRECT_OBJC_ISA_USAGE = YES_ERROR;
				CLANG_WARN_DOCUMENTATION_COMMENTS = YES;
				CLANG_WARN_EMPTY_BODY = YES;
				CLANG_WARN_ENUM_CONVERSION = YES;
				CLANG_WARN_INFINITE_RECURSION = YES;
				CLANG_WARN_INT_CONVERSION = YES;
				CLANG_WARN_NON_LITERAL_NULL_CONVERSION = YES;
				CLANG_WARN_OBJC_IMPLICIT_RETAIN_SELF = YES;
				CLANG_WARN_OBJC_LITERAL_CONVERSION = YES;
				CLANG_WARN_OBJC_ROOT_CLASS = YES_ERROR;
				CLANG_WARN_RANGE_LOOP_ANALYSIS = YES;
				CLANG_WARN_STRICT_PROTOTYPES = YES;
				CLANG_WARN_SUSPICIOUS_MOVE = YES;
				CLANG_WARN_UNGUARDED_AVAILABILITY = YES_AGGRESSIVE;
				CLANG_WARN_UNREACHABLE_CODE = YES;
				CLANG_WARN__DUPLICATE_METHOD_MATCH = YES;
				CODE_SIGN_IDENTITY = "iPhone Developer";
				COPY_PHASE_STRIP = NO;
				DEBUG_INFORMATION_FORMAT = "dwarf-with-dsym";
				ENABLE_NS_ASSERTIONS = NO;
				ENABLE_STRICT_OBJC_MSGSEND = YES;
				GCC_C_LANGUAGE_STANDARD = gnu11;
				GCC_NO_COMMON_BLOCKS = YES;
				GCC_WARN_64_TO_32_BIT_CONVERSION = YES;
				GCC_WARN_ABOUT_RETURN_TYPE = YES_ERROR;
				GCC_WARN_UNDECLARED_SELECTOR = YES;
				GCC_WARN_UNINITIALIZED_AUTOS = YES_AGGRESSIVE;
				GCC_WARN_UNUSED_FUNCTION = YES;
				GCC_WARN_UNUSED_VARIABLE = YES;
				IPHONEOS_DEPLOYMENT_TARGET = 11.3;
				MTL_ENABLE_DEBUG_INFO = NO;
				SDKROOT = iphoneos;
				SWIFT_COMPILATION_MODE = wholemodule;
				SWIFT_OPTIMIZATION_LEVEL = "-O";
				VALIDATE_PRODUCT = YES;
			};
			name = Release;
		};
		C5C88AA020ABCDE000E96DE7 /* Debug */ = {
			isa = XCBuildConfiguration;
			baseConfigurationReference = 87F10F679633A5715013E305 /* Pods-ChatBuzz.debug.xcconfig */;
			buildSettings = {
				ASSETCATALOG_COMPILER_APPICON_NAME = AppIcon;
				CODE_SIGN_STYLE = Automatic;
				DEVELOPMENT_TEAM = H2XQP39QVX;
				INFOPLIST_FILE = ChatBuzz/Info.plist;
				IPHONEOS_DEPLOYMENT_TARGET = 9.0;
				LD_RUNPATH_SEARCH_PATHS = "$(inherited) @executable_path/Frameworks";
				PRODUCT_BUNDLE_IDENTIFIER = com.Ahmedattia.ChatBuzz;
				PRODUCT_NAME = "$(TARGET_NAME)";
				SWIFT_VERSION = 4.0;
				TARGETED_DEVICE_FAMILY = 1;
			};
			name = Debug;
		};
		C5C88AA120ABCDE000E96DE7 /* Release */ = {
			isa = XCBuildConfiguration;
			baseConfigurationReference = 7B031D944863B699EE31A7D4 /* Pods-ChatBuzz.release.xcconfig */;
			buildSettings = {
				ASSETCATALOG_COMPILER_APPICON_NAME = AppIcon;
				CODE_SIGN_STYLE = Automatic;
				DEVELOPMENT_TEAM = H2XQP39QVX;
				INFOPLIST_FILE = ChatBuzz/Info.plist;
				IPHONEOS_DEPLOYMENT_TARGET = 9.0;
				LD_RUNPATH_SEARCH_PATHS = "$(inherited) @executable_path/Frameworks";
				PRODUCT_BUNDLE_IDENTIFIER = com.Ahmedattia.ChatBuzz;
				PRODUCT_NAME = "$(TARGET_NAME)";
				SWIFT_VERSION = 4.0;
				TARGETED_DEVICE_FAMILY = 1;
			};
			name = Release;
		};
/* End XCBuildConfiguration section */

/* Begin XCConfigurationList section */
		C5C88A8820ABCDD700E96DE7 /* Build configuration list for PBXProject "ChatBuzz" */ = {
			isa = XCConfigurationList;
			buildConfigurations = (
				C5C88A9D20ABCDE000E96DE7 /* Debug */,
				C5C88A9E20ABCDE000E96DE7 /* Release */,
			);
			defaultConfigurationIsVisible = 0;
			defaultConfigurationName = Release;
		};
		C5C88A9F20ABCDE000E96DE7 /* Build configuration list for PBXNativeTarget "ChatBuzz" */ = {
			isa = XCConfigurationList;
			buildConfigurations = (
				C5C88AA020ABCDE000E96DE7 /* Debug */,
				C5C88AA120ABCDE000E96DE7 /* Release */,
			);
			defaultConfigurationIsVisible = 0;
			defaultConfigurationName = Release;
		};
/* End XCConfigurationList section */
	};
	rootObject = C5C88A8520ABCDD700E96DE7 /* Project object */;
}
